
Microsoft Visual Studio Solution File, Format Version 12.00
# Visual Studio Version 16
VisualStudioVersion = 16.0.29926.136
MinimumVisualStudioVersion = 10.0.40219.1
Project("{FAE04EC0-301F-11D3-BF4B-00C04F79EFBC}") = "Carma", "Carma\Carma.csproj", "{108E2C07-6016-4FC0-962E-F401623E57E9}"
EndProject
Global
	GlobalSection(SolutionConfigurationPlatforms) = preSolution
		Debug|Any CPU = Debug|Any CPU
		Release|Any CPU = Release|Any CPU
	EndGlobalSection
	GlobalSection(ProjectConfigurationPlatforms) = postSolution
		{108E2C07-6016-4FC0-962E-F401623E57E9}.Debug|Any CPU.ActiveCfg = Debug|Any CPU
		{108E2C07-6016-4FC0-962E-F401623E57E9}.Debug|Any CPU.Build.0 = Debug|Any CPU
		{108E2C07-6016-4FC0-962E-F401623E57E9}.Release|Any CPU.ActiveCfg = Release|Any CPU
		{108E2C07-6016-4FC0-962E-F401623E57E9}.Release|Any CPU.Build.0 = Release|Any CPU
	EndGlobalSection
	GlobalSection(SolutionProperties) = preSolution
		HideSolutionNode = FALSE
	EndGlobalSection
	GlobalSection(ExtensibilityGlobals) = postSolution
		SolutionGuid = {5D27F536-8836-4A03-9E64-71D65B938B47}
	EndGlobalSection
EndGlobal
